<?xml version="1.0" encoding="utf-8"?>
<Project ToolsVersion="4.0" xmlns="http://schemas.microsoft.com/developer/msbuild/2003">
  <ItemGroup>
    <Filter Include="Source Files">
      <UniqueIdentifier>{4FC737F1-C7A5-4376-A066-2A32D752A2FF}</UniqueIdentifier>
      <Extensions>cpp;c;cc;cxx;def;odl;idl;hpj;bat;asm;asmx</Extensions>
    </Filter>
    <Filter Include="Header Files">
      <UniqueIdentifier>{93995380-89BD-4b04-88EB-625FBE52EBFB}</UniqueIdentifier>
      <Extensions>h;hh;hpp;hxx;hm;inl;inc;xsd</Extensions>
    </Filter>
    <Filter Include="Resource Files">
      <UniqueIdentifier>{67DA6AB6-F800-4c08-8B7A-83BB121AAD01}</UniqueIdentifier>
      <Extensions>rc;ico;cur;bmp;dlg;rc2;rct;bin;rgs;gif;jpg;jpeg;jpe;resx;tiff;tif;png;wav;mfcribbon-ms</Extensions>
    </Filter>
    <Filter Include="Header Files\Graphics">
      <UniqueIdentifier>{081353e9-ed6c-46c2-bea0-6bbd4a3100b8}</UniqueIdentifier>
    </Filter>
    <Filter Include="Source Files\Graphics">
      <UniqueIdentifier>{a5c5f87f-a501-4060-a85b-1eca2a4535ae}</UniqueIdentifier>
    </Filter>
    <Filter Include="Source Files\Graphics\Sfml">
      <UniqueIdentifier>{48ffb2f1-7e6a-413a-b23d-671a8d07e3a6}</UniqueIdentifier>
    </Filter>
    <Filter Include="Header Files\Graphics\Sfml">
      <UniqueIdentifier>{d9c959d3-cfda-4f1e-8704-cf63193c6ac1}</UniqueIdentifier>
    </Filter>
    <Filter Include="Source Files\IO">
      <UniqueIdentifier>{f319ec17-a490-455c-a9cf-b613fc2166a6}</UniqueIdentifier>
    </Filter>
    <Filter Include="Header Files\IO">
      <UniqueIdentifier>{f7437700-d5de-4184-b395-0a8effd1a880}</UniqueIdentifier>
    </Filter>
    <Filter Include="Header Files\Models">
      <UniqueIdentifier>{df18f09b-e444-46a4-86d1-39419730a5e0}</UniqueIdentifier>
    </Filter>
    <Filter Include="Source Files\Models">
      <UniqueIdentifier>{fd22d3bf-cbb7-4c3c-a480-7f60e777063c}</UniqueIdentifier>
    </Filter>
    <Filter Include="Header Files\Models\Cities">
      <UniqueIdentifier>{2050598e-39af-4a23-9fd3-418a8f88dcde}</UniqueIdentifier>
    </Filter>
    <Filter Include="Source Files\Models\Cities">
      <UniqueIdentifier>{b288d816-f28e-40dd-b036-e726fb505fa9}</UniqueIdentifier>
    </Filter>
    <Filter Include="Source Files\Models\Cities\Graphs">
      <UniqueIdentifier>{f8a4c8dd-bf37-43e0-bf71-1d9edcb57c8a}</UniqueIdentifier>
    </Filter>
    <Filter Include="Header Files\Models\Cities\Graphs">
      <UniqueIdentifier>{48d9e93f-ae03-435a-8c23-54e304617d9f}</UniqueIdentifier>
    </Filter>
  </ItemGroup>
  <ItemGroup>
    <ClCompile Include="Program.cpp">
      <Filter>Source Files</Filter>
    </ClCompile>
    <ClCompile Include="SfmlSystem.cpp">
      <Filter>Source Files\Graphics\Sfml</Filter>
    </ClCompile>
    <ClCompile Include="GraphicsManager.cpp">
      <Filter>Source Files\Graphics</Filter>
    </ClCompile>
    <ClCompile Include="SfmlSurfaceManager.cpp">
      <Filter>Source Files\Graphics\Sfml</Filter>
    </ClCompile>
    <ClCompile Include="SurfaceContext.cpp">
      <Filter>Source Files\Graphics</Filter>
    </ClCompile>
    <ClCompile Include="FileSystem.cpp">
      <Filter>Source Files\IO</Filter>
    </ClCompile>
    <ClCompile Include="GameRenderer.cpp">
      <Filter>Source Files\Graphics</Filter>
    </ClCompile>
    <ClCompile Include="ArrayGraphNode.cpp">
      <Filter>Source Files\Models\Cities\Graphs</Filter>
    </ClCompile>
    <ClCompile Include="ArrayGraph.cpp">
      <Filter>Source Files\Models\Cities\Graphs</Filter>
    </ClCompile>
    <ClCompile Include="City.cpp">
      <Filter>Source Files\Models\Cities</Filter>
    </ClCompile>
    <ClCompile Include="CityGraph.cpp">
      <Filter>Source Files\Models\Cities</Filter>
    </ClCompile>
    <ClCompile Include="Game.cpp">
      <Filter>Source Files\Models</Filter>
    </ClCompile>
    <ClCompile Include="Board.cpp">
      <Filter>Source Files\Models</Filter>
    </ClCompile>
  </ItemGroup>
  <ItemGroup>
    <ClInclude Include="GraphicsSystem.h">
      <Filter>Header Files\Graphics</Filter>
    </ClInclude>
    <ClInclude Include="SfmlSystem.h">
      <Filter>Header Files\Graphics\Sfml</Filter>
    </ClInclude>
    <ClInclude Include="GraphicsManager.h">
      <Filter>Header Files\Graphics</Filter>
    </ClInclude>
    <ClInclude Include="SfmlSurfaceManager.h">
      <Filter>Header Files\Graphics\Sfml</Filter>
    </ClInclude>
    <ClInclude Include="SurfaceContext.h">
      <Filter>Header Files\Graphics</Filter>
    </ClInclude>
    <ClInclude Include="FileSystem.h">
      <Filter>Header Files\IO</Filter>
    </ClInclude>
    <ClInclude Include="GameRenderer.h">
      <Filter>Header Files\Graphics</Filter>
    </ClInclude>
    <ClInclude Include="InfectionColors.h">
      <Filter>Header Files\Models</Filter>
    </ClInclude>
    <ClInclude Include="ArrayGraphNode.h">
      <Filter>Header Files\Models\Cities\Graphs</Filter>
    </ClInclude>
    <ClInclude Include="ArrayGraph.h">
      <Filter>Header Files\Models\Cities\Graphs</Filter>
    </ClInclude>
    <ClInclude Include="City.h">
      <Filter>Header Files\Models\Cities</Filter>
    </ClInclude>
    <ClInclude Include="CityGraph.h">
      <Filter>Header Files\Models\Cities</Filter>
    </ClInclude>
    <ClInclude Include="Game.h">
      <Filter>Header Files\Models</Filter>
    </ClInclude>
    <ClInclude Include="Board.h">
      <Filter>Header Files\Models</Filter>
    </ClInclude>
  </ItemGroup>
  <ItemGroup>
    <None Include="packages.config" />
  </ItemGroup>
</Project>