<?xml version="1.0" encoding="utf-8"?>
<Project ToolsVersion="4.0" xmlns="http://schemas.microsoft.com/developer/msbuild/2003">
  <ItemGroup>
    <Filter Include="Source Files">
      <UniqueIdentifier>{4FC737F1-C7A5-4376-A066-2A32D752A2FF}</UniqueIdentifier>
      <Extensions>cpp;c;cc;cxx;def;odl;idl;hpj;bat;asm;asmx</Extensions>
    </Filter>
    <Filter Include="Header Files">
      <UniqueIdentifier>{93995380-89BD-4b04-88EB-625FBE52EBFB}</UniqueIdentifier>
      <Extensions>h;hh;hpp;hxx;hm;inl;inc;xsd</Extensions>
    </Filter>
    <Filter Include="Resource Files">
      <UniqueIdentifier>{67DA6AB6-F800-4c08-8B7A-83BB121AAD01}</UniqueIdentifier>
      <Extensions>rc;ico;cur;bmp;dlg;rc2;rct;bin;rgs;gif;jpg;jpeg;jpe;resx;tiff;tif;png;wav;mfcribbon-ms</Extensions>
    </Filter>
    <Filter Include="Header Files\Graphics">
      <UniqueIdentifier>{081353e9-ed6c-46c2-bea0-6bbd4a3100b8}</UniqueIdentifier>
    </Filter>
    <Filter Include="Source Files\Graphics">
      <UniqueIdentifier>{a5c5f87f-a501-4060-a85b-1eca2a4535ae}</UniqueIdentifier>
    </Filter>
    <Filter Include="Header Files\Data">
      <UniqueIdentifier>{df18f09b-e444-46a4-86d1-39419730a5e0}</UniqueIdentifier>
    </Filter>
    <Filter Include="Source Files\Data">
      <UniqueIdentifier>{fd22d3bf-cbb7-4c3c-a480-7f60e777063c}</UniqueIdentifier>
    </Filter>
    <Filter Include="Header Files\Data\Models">
      <UniqueIdentifier>{61305876-45d6-424e-aefb-6153d54ba219}</UniqueIdentifier>
    </Filter>
    <Filter Include="Source Files\Data\Models">
      <UniqueIdentifier>{31a1de07-b8f7-4da9-9160-3f76b9bde824}</UniqueIdentifier>
    </Filter>
    <Filter Include="Source Files\Graphics\Sfml">
      <UniqueIdentifier>{48ffb2f1-7e6a-413a-b23d-671a8d07e3a6}</UniqueIdentifier>
    </Filter>
    <Filter Include="Header Files\Graphics\Sfml">
      <UniqueIdentifier>{d9c959d3-cfda-4f1e-8704-cf63193c6ac1}</UniqueIdentifier>
    </Filter>
    <Filter Include="Source Files\IO">
      <UniqueIdentifier>{f319ec17-a490-455c-a9cf-b613fc2166a6}</UniqueIdentifier>
    </Filter>
    <Filter Include="Header Files\IO">
      <UniqueIdentifier>{f7437700-d5de-4184-b395-0a8effd1a880}</UniqueIdentifier>
    </Filter>
  </ItemGroup>
  <ItemGroup>
    <ClCompile Include="Program.cpp">
      <Filter>Source Files</Filter>
    </ClCompile>
    <ClCompile Include="SfmlSystem.cpp">
      <Filter>Source Files\Graphics\Sfml</Filter>
    </ClCompile>
    <ClCompile Include="GraphicsManager.cpp">
      <Filter>Source Files\Graphics</Filter>
    </ClCompile>
    <ClCompile Include="SfmlSurfaceManager.cpp">
      <Filter>Source Files\Graphics\Sfml</Filter>
    </ClCompile>
    <ClCompile Include="SurfaceContext.cpp">
      <Filter>Source Files\Graphics</Filter>
    </ClCompile>
    <ClCompile Include="FileSystem.cpp">
      <Filter>Source Files\IO</Filter>
    </ClCompile>
    <ClCompile Include="GameRenderer.cpp">
      <Filter>Source Files\Graphics</Filter>
    </ClCompile>
  </ItemGroup>
  <ItemGroup>
    <ClInclude Include="GraphicsSystem.h">
      <Filter>Header Files\Graphics</Filter>
    </ClInclude>
    <ClInclude Include="SfmlSystem.h">
      <Filter>Header Files\Graphics\Sfml</Filter>
    </ClInclude>
    <ClInclude Include="GraphicsManager.h">
      <Filter>Header Files\Graphics</Filter>
    </ClInclude>
    <ClInclude Include="SfmlSurfaceManager.h">
      <Filter>Header Files\Graphics\Sfml</Filter>
    </ClInclude>
    <ClInclude Include="SurfaceContext.h">
      <Filter>Header Files\Graphics</Filter>
    </ClInclude>
    <ClInclude Include="FileSystem.h">
      <Filter>Header Files\IO</Filter>
    </ClInclude>
    <ClInclude Include="GameRenderer.h">
      <Filter>Header Files\Graphics</Filter>
    </ClInclude>
  </ItemGroup>
  <ItemGroup>
    <None Include="packages.config" />
  </ItemGroup>
</Project>